
Microsoft Visual Studio Solution File, Format Version 12.00
# Visual Studio Version 17
VisualStudioVersion = 17.12.35527.113
MinimumVisualStudioVersion = 10.0.40219.1
Project("{FAE04EC0-301F-11D3-BF4B-00C04F79EFBC}") = "UrlShortener.WebApi", "UrlShortener.WebApi\UrlShortener.WebApi.csproj", "{928A675D-DF88-476D-9181-5CFB64403D59}"
EndProject
Project("{FAE04EC0-301F-11D3-BF4B-00C04F79EFBC}") = "UrlShortener.DataAccess", "UrlShortener.DataAccess\UrlShortener.DataAccess.csproj", "{F286EB44-144C-4DB2-803C-DB7C1816868F}"
EndProject
Project("{FAE04EC0-301F-11D3-BF4B-00C04F79EFBC}") = "UrlShortener.BusinessLogic", "UrlShortener.BusinessLogic\UrlShortener.BusinessLogic.csproj", "{6BBE8136-C954-4B63-A876-0CF72D014852}"
EndProject
Project("{2150E333-8FDC-42A3-9474-1A3956D46DE8}") = "Tests", "Tests", "{193B3DB3-146A-455B-B986-1CFD2F8BEC18}"
EndProject
Global
	GlobalSection(SolutionConfigurationPlatforms) = preSolution
		Debug|Any CPU = Debug|Any CPU
		Release|Any CPU = Release|Any CPU
	EndGlobalSection
	GlobalSection(ProjectConfigurationPlatforms) = postSolution
		{928A675D-DF88-476D-9181-5CFB64403D59}.Debug|Any CPU.ActiveCfg = Debug|Any CPU
		{928A675D-DF88-476D-9181-5CFB64403D59}.Debug|Any CPU.Build.0 = Debug|Any CPU
		{928A675D-DF88-476D-9181-5CFB64403D59}.Release|Any CPU.ActiveCfg = Release|Any CPU
		{928A675D-DF88-476D-9181-5CFB64403D59}.Release|Any CPU.Build.0 = Release|Any CPU
		{F286EB44-144C-4DB2-803C-DB7C1816868F}.Debug|Any CPU.ActiveCfg = Debug|Any CPU
		{F286EB44-144C-4DB2-803C-DB7C1816868F}.Debug|Any CPU.Build.0 = Debug|Any CPU
		{F286EB44-144C-4DB2-803C-DB7C1816868F}.Release|Any CPU.ActiveCfg = Release|Any CPU
		{F286EB44-144C-4DB2-803C-DB7C1816868F}.Release|Any CPU.Build.0 = Release|Any CPU
		{6BBE8136-C954-4B63-A876-0CF72D014852}.Debug|Any CPU.ActiveCfg = Debug|Any CPU
		{6BBE8136-C954-4B63-A876-0CF72D014852}.Debug|Any CPU.Build.0 = Debug|Any CPU
		{6BBE8136-C954-4B63-A876-0CF72D014852}.Release|Any CPU.ActiveCfg = Release|Any CPU
		{6BBE8136-C954-4B63-A876-0CF72D014852}.Release|Any CPU.Build.0 = Release|Any CPU
	EndGlobalSection
	GlobalSection(SolutionProperties) = preSolution
		HideSolutionNode = FALSE
	EndGlobalSection
EndGlobal
